
Microsoft Visual Studio Solution File, Format Version 12.00
# Visual Studio Version 17
VisualStudioVersion = 17.9.34714.143
MinimumVisualStudioVersion = 10.0.40219.1
Project("{FAE04EC0-301F-11D3-BF4B-00C04F79EFBC}") = "CoureTechCountryApi.Core", "CoureTechCountryApi.Core\CoureTechCountryApi.Core.csproj", "{A68F24E9-A752-4C1C-AF7E-D01253EB6B86}"
EndProject
Project("{FAE04EC0-301F-11D3-BF4B-00C04F79EFBC}") = "CoureTechCountryApi.Domain", "CoureTechCountryApi.Domain\CoureTechCountryApi.Domain.csproj", "{52C7EC0A-FCBB-4971-96B0-8BBBAD1DC380}"
EndProject
Project("{FAE04EC0-301F-11D3-BF4B-00C04F79EFBC}") = "CoureTechCountryApi.Infrastructure", "CoureTechCountryApi.Infrastructure\CoureTechCountryApi.Infrastructure.csproj", "{F429F3B1-5C96-474C-94C6-9F5B8267638E}"
EndProject
Project("{FAE04EC0-301F-11D3-BF4B-00C04F79EFBC}") = "CoureTechCountryApi.WebApi", "CoureTechCountryApi.Api\CoureTechCountryApi.WebApi.csproj", "{1A5DEF03-DDE0-4C2E-B71B-167D6D3921B0}"
EndProject
Global
	GlobalSection(SolutionConfigurationPlatforms) = preSolution
		Debug|Any CPU = Debug|Any CPU
		Release|Any CPU = Release|Any CPU
	EndGlobalSection
	GlobalSection(ProjectConfigurationPlatforms) = postSolution
		{A68F24E9-A752-4C1C-AF7E-D01253EB6B86}.Debug|Any CPU.ActiveCfg = Debug|Any CPU
		{A68F24E9-A752-4C1C-AF7E-D01253EB6B86}.Debug|Any CPU.Build.0 = Debug|Any CPU
		{A68F24E9-A752-4C1C-AF7E-D01253EB6B86}.Release|Any CPU.ActiveCfg = Release|Any CPU
		{A68F24E9-A752-4C1C-AF7E-D01253EB6B86}.Release|Any CPU.Build.0 = Release|Any CPU
		{52C7EC0A-FCBB-4971-96B0-8BBBAD1DC380}.Debug|Any CPU.ActiveCfg = Debug|Any CPU
		{52C7EC0A-FCBB-4971-96B0-8BBBAD1DC380}.Debug|Any CPU.Build.0 = Debug|Any CPU
		{52C7EC0A-FCBB-4971-96B0-8BBBAD1DC380}.Release|Any CPU.ActiveCfg = Release|Any CPU
		{52C7EC0A-FCBB-4971-96B0-8BBBAD1DC380}.Release|Any CPU.Build.0 = Release|Any CPU
		{F429F3B1-5C96-474C-94C6-9F5B8267638E}.Debug|Any CPU.ActiveCfg = Debug|Any CPU
		{F429F3B1-5C96-474C-94C6-9F5B8267638E}.Debug|Any CPU.Build.0 = Debug|Any CPU
		{F429F3B1-5C96-474C-94C6-9F5B8267638E}.Release|Any CPU.ActiveCfg = Release|Any CPU
		{F429F3B1-5C96-474C-94C6-9F5B8267638E}.Release|Any CPU.Build.0 = Release|Any CPU
		{1A5DEF03-DDE0-4C2E-B71B-167D6D3921B0}.Debug|Any CPU.ActiveCfg = Debug|Any CPU
		{1A5DEF03-DDE0-4C2E-B71B-167D6D3921B0}.Debug|Any CPU.Build.0 = Debug|Any CPU
		{1A5DEF03-DDE0-4C2E-B71B-167D6D3921B0}.Release|Any CPU.ActiveCfg = Release|Any CPU
		{1A5DEF03-DDE0-4C2E-B71B-167D6D3921B0}.Release|Any CPU.Build.0 = Release|Any CPU
	EndGlobalSection
	GlobalSection(SolutionProperties) = preSolution
		HideSolutionNode = FALSE
	EndGlobalSection
	GlobalSection(ExtensibilityGlobals) = postSolution
		SolutionGuid = {BAFAB590-B2D7-40B8-A98D-C28901F9282B}
	EndGlobalSection
EndGlobal
